
Microsoft Visual Studio Solution File, Format Version 12.00
# Visual Studio Version 17
VisualStudioVersion = 17.14.37111.16
MinimumVisualStudioVersion = 10.0.40219.1
Project("{2150E333-8FDC-42A3-9474-1A3956D46DE8}") = "Api And MVC 5 Demo Multileyer Project", "Api And MVC 5 Demo Multileyer Project", "{02EA681E-C7D8-13C7-8484-4AC65E1B71E8}"
EndProject
Project("{FAE04EC0-301F-11D3-BF4B-00C04F79EFBC}") = "ProductDal", "ProductDal\ProductDal.csproj", "{0ECC3E8C-EDE7-477A-9EFE-9ECE7698C559}"
EndProject
Project("{FAE04EC0-301F-11D3-BF4B-00C04F79EFBC}") = "ProductRepositories", "ProductRepositories\ProductRepositories.csproj", "{40651AFB-EED8-41FF-980F-58E3C7C12877}"
EndProject
Project("{FAE04EC0-301F-11D3-BF4B-00C04F79EFBC}") = "ProductServices", "ProductServices\ProductServices.csproj", "{B3AC53AE-4209-46CA-B59C-229FBF86B703}"
EndProject
Project("{FAE04EC0-301F-11D3-BF4B-00C04F79EFBC}") = "ProductViewModel", "ProductViewModel\ProductViewModel.csproj", "{1E3EA5A2-E504-4BC5-A06A-BDFA768AD999}"
EndProject
Project("{FAE04EC0-301F-11D3-BF4B-00C04F79EFBC}") = "ProductApiDemo1", "ProductApiDemo1\ProductApiDemo1.csproj", "{A7C78882-9AC4-4DFB-829E-44B80C474AA6}"
EndProject
Project("{FAE04EC0-301F-11D3-BF4B-00C04F79EFBC}") = "MVCClient", "MVCClient\MVCClient.csproj", "{3E5EDC87-6768-4F5D-A58D-29C94D04129F}"
EndProject
Project("{2150E333-8FDC-42A3-9474-1A3956D46DE8}") = "Api Authentication And JWT Auth", "Api Authentication And JWT Auth", "{778C4FA1-BBB8-45C4-AC6C-BD685C4A618A}"
EndProject
Project("{FAE04EC0-301F-11D3-BF4B-00C04F79EFBC}") = "CategoryDAL", "CategoryDAL\CategoryDAL.csproj", "{7EF87847-D7F9-40E4-A621-203863A2AC29}"
EndProject
Project("{FAE04EC0-301F-11D3-BF4B-00C04F79EFBC}") = "CategoryRepositories", "CategoryRepositories\CategoryRepositories.csproj", "{FB19183C-6B05-4B18-ABD3-AF89A3998547}"
EndProject
Project("{FAE04EC0-301F-11D3-BF4B-00C04F79EFBC}") = "CategoryServices", "CategoryServices\CategoryServices.csproj", "{2D9B6603-2AF4-476E-86E6-A363CA15B772}"
EndProject
Project("{FAE04EC0-301F-11D3-BF4B-00C04F79EFBC}") = "CategoryViewModel", "CategoryViewModel\CategoryViewModel.csproj", "{E4FF33C4-4D6B-4445-95B1-FE4BE4D4964E}"
EndProject
Project("{FAE04EC0-301F-11D3-BF4B-00C04F79EFBC}") = "CategoryAPIDEMO", "CategoryAPIDEMO\CategoryAPIDEMO.csproj", "{8EE3A231-41CC-4F29-863E-A3330CAAFE6A}"
EndProject
Global
	GlobalSection(SolutionConfigurationPlatforms) = preSolution
		Debug|Any CPU = Debug|Any CPU
		Release|Any CPU = Release|Any CPU
	EndGlobalSection
	GlobalSection(ProjectConfigurationPlatforms) = postSolution
		{0ECC3E8C-EDE7-477A-9EFE-9ECE7698C559}.Debug|Any CPU.ActiveCfg = Debug|Any CPU
		{0ECC3E8C-EDE7-477A-9EFE-9ECE7698C559}.Debug|Any CPU.Build.0 = Debug|Any CPU
		{0ECC3E8C-EDE7-477A-9EFE-9ECE7698C559}.Release|Any CPU.ActiveCfg = Release|Any CPU
		{0ECC3E8C-EDE7-477A-9EFE-9ECE7698C559}.Release|Any CPU.Build.0 = Release|Any CPU
		{40651AFB-EED8-41FF-980F-58E3C7C12877}.Debug|Any CPU.ActiveCfg = Debug|Any CPU
		{40651AFB-EED8-41FF-980F-58E3C7C12877}.Debug|Any CPU.Build.0 = Debug|Any CPU
		{40651AFB-EED8-41FF-980F-58E3C7C12877}.Release|Any CPU.ActiveCfg = Release|Any CPU
		{40651AFB-EED8-41FF-980F-58E3C7C12877}.Release|Any CPU.Build.0 = Release|Any CPU
		{B3AC53AE-4209-46CA-B59C-229FBF86B703}.Debug|Any CPU.ActiveCfg = Debug|Any CPU
		{B3AC53AE-4209-46CA-B59C-229FBF86B703}.Debug|Any CPU.Build.0 = Debug|Any CPU
		{B3AC53AE-4209-46CA-B59C-229FBF86B703}.Release|Any CPU.ActiveCfg = Release|Any CPU
		{B3AC53AE-4209-46CA-B59C-229FBF86B703}.Release|Any CPU.Build.0 = Release|Any CPU
		{1E3EA5A2-E504-4BC5-A06A-BDFA768AD999}.Debug|Any CPU.ActiveCfg = Debug|Any CPU
		{1E3EA5A2-E504-4BC5-A06A-BDFA768AD999}.Debug|Any CPU.Build.0 = Debug|Any CPU
		{1E3EA5A2-E504-4BC5-A06A-BDFA768AD999}.Release|Any CPU.ActiveCfg = Release|Any CPU
		{1E3EA5A2-E504-4BC5-A06A-BDFA768AD999}.Release|Any CPU.Build.0 = Release|Any CPU
		{A7C78882-9AC4-4DFB-829E-44B80C474AA6}.Debug|Any CPU.ActiveCfg = Debug|Any CPU
		{A7C78882-9AC4-4DFB-829E-44B80C474AA6}.Debug|Any CPU.Build.0 = Debug|Any CPU
		{A7C78882-9AC4-4DFB-829E-44B80C474AA6}.Release|Any CPU.ActiveCfg = Release|Any CPU
		{A7C78882-9AC4-4DFB-829E-44B80C474AA6}.Release|Any CPU.Build.0 = Release|Any CPU
		{3E5EDC87-6768-4F5D-A58D-29C94D04129F}.Debug|Any CPU.ActiveCfg = Debug|Any CPU
		{3E5EDC87-6768-4F5D-A58D-29C94D04129F}.Debug|Any CPU.Build.0 = Debug|Any CPU
		{3E5EDC87-6768-4F5D-A58D-29C94D04129F}.Release|Any CPU.ActiveCfg = Release|Any CPU
		{3E5EDC87-6768-4F5D-A58D-29C94D04129F}.Release|Any CPU.Build.0 = Release|Any CPU
		{7EF87847-D7F9-40E4-A621-203863A2AC29}.Debug|Any CPU.ActiveCfg = Debug|Any CPU
		{7EF87847-D7F9-40E4-A621-203863A2AC29}.Debug|Any CPU.Build.0 = Debug|Any CPU
		{7EF87847-D7F9-40E4-A621-203863A2AC29}.Release|Any CPU.ActiveCfg = Release|Any CPU
		{7EF87847-D7F9-40E4-A621-203863A2AC29}.Release|Any CPU.Build.0 = Release|Any CPU
		{FB19183C-6B05-4B18-ABD3-AF89A3998547}.Debug|Any CPU.ActiveCfg = Debug|Any CPU
		{FB19183C-6B05-4B18-ABD3-AF89A3998547}.Debug|Any CPU.Build.0 = Debug|Any CPU
		{FB19183C-6B05-4B18-ABD3-AF89A3998547}.Release|Any CPU.ActiveCfg = Release|Any CPU
		{FB19183C-6B05-4B18-ABD3-AF89A3998547}.Release|Any CPU.Build.0 = Release|Any CPU
		{2D9B6603-2AF4-476E-86E6-A363CA15B772}.Debug|Any CPU.ActiveCfg = Debug|Any CPU
		{2D9B6603-2AF4-476E-86E6-A363CA15B772}.Debug|Any CPU.Build.0 = Debug|Any CPU
		{2D9B6603-2AF4-476E-86E6-A363CA15B772}.Release|Any CPU.ActiveCfg = Release|Any CPU
		{2D9B6603-2AF4-476E-86E6-A363CA15B772}.Release|Any CPU.Build.0 = Release|Any CPU
		{E4FF33C4-4D6B-4445-95B1-FE4BE4D4964E}.Debug|Any CPU.ActiveCfg = Debug|Any CPU
		{E4FF33C4-4D6B-4445-95B1-FE4BE4D4964E}.Debug|Any CPU.Build.0 = Debug|Any CPU
		{E4FF33C4-4D6B-4445-95B1-FE4BE4D4964E}.Release|Any CPU.ActiveCfg = Release|Any CPU
		{E4FF33C4-4D6B-4445-95B1-FE4BE4D4964E}.Release|Any CPU.Build.0 = Release|Any CPU
		{8EE3A231-41CC-4F29-863E-A3330CAAFE6A}.Debug|Any CPU.ActiveCfg = Debug|Any CPU
		{8EE3A231-41CC-4F29-863E-A3330CAAFE6A}.Debug|Any CPU.Build.0 = Debug|Any CPU
		{8EE3A231-41CC-4F29-863E-A3330CAAFE6A}.Release|Any CPU.ActiveCfg = Release|Any CPU
		{8EE3A231-41CC-4F29-863E-A3330CAAFE6A}.Release|Any CPU.Build.0 = Release|Any CPU
	EndGlobalSection
	GlobalSection(SolutionProperties) = preSolution
		HideSolutionNode = FALSE
	EndGlobalSection
	GlobalSection(NestedProjects) = preSolution
		{0ECC3E8C-EDE7-477A-9EFE-9ECE7698C559} = {02EA681E-C7D8-13C7-8484-4AC65E1B71E8}
		{40651AFB-EED8-41FF-980F-58E3C7C12877} = {02EA681E-C7D8-13C7-8484-4AC65E1B71E8}
		{B3AC53AE-4209-46CA-B59C-229FBF86B703} = {02EA681E-C7D8-13C7-8484-4AC65E1B71E8}
		{1E3EA5A2-E504-4BC5-A06A-BDFA768AD999} = {02EA681E-C7D8-13C7-8484-4AC65E1B71E8}
		{A7C78882-9AC4-4DFB-829E-44B80C474AA6} = {02EA681E-C7D8-13C7-8484-4AC65E1B71E8}
		{3E5EDC87-6768-4F5D-A58D-29C94D04129F} = {02EA681E-C7D8-13C7-8484-4AC65E1B71E8}
		{7EF87847-D7F9-40E4-A621-203863A2AC29} = {778C4FA1-BBB8-45C4-AC6C-BD685C4A618A}
		{FB19183C-6B05-4B18-ABD3-AF89A3998547} = {778C4FA1-BBB8-45C4-AC6C-BD685C4A618A}
		{2D9B6603-2AF4-476E-86E6-A363CA15B772} = {778C4FA1-BBB8-45C4-AC6C-BD685C4A618A}
		{E4FF33C4-4D6B-4445-95B1-FE4BE4D4964E} = {778C4FA1-BBB8-45C4-AC6C-BD685C4A618A}
		{8EE3A231-41CC-4F29-863E-A3330CAAFE6A} = {778C4FA1-BBB8-45C4-AC6C-BD685C4A618A}
	EndGlobalSection
	GlobalSection(ExtensibilityGlobals) = postSolution
		SolutionGuid = {7CB4A2AE-7426-44ED-9F2C-0AEC0811EBA7}
	EndGlobalSection
EndGlobal
